
Microsoft Visual Studio Solution File, Format Version 12.00
# Visual Studio 15
VisualStudioVersion = 15.0.27130.2020
MinimumVisualStudioVersion = 10.0.40219.1
Project("{FAE04EC0-301F-11D3-BF4B-00C04F79EFBC}") = "MovieApplication", "MovieApplication\MovieApplication.csproj", "{06039A43-B3DC-43E4-981C-0A742431273E}"
EndProject
Global
	GlobalSection(SolutionConfigurationPlatforms) = preSolution
		Debug|Any CPU = Debug|Any CPU
		Release|Any CPU = Release|Any CPU
	EndGlobalSection
	GlobalSection(ProjectConfigurationPlatforms) = postSolution
		{06039A43-B3DC-43E4-981C-0A742431273E}.Debug|Any CPU.ActiveCfg = Debug|Any CPU
		{06039A43-B3DC-43E4-981C-0A742431273E}.Debug|Any CPU.Build.0 = Debug|Any CPU
		{06039A43-B3DC-43E4-981C-0A742431273E}.Release|Any CPU.ActiveCfg = Release|Any CPU
		{06039A43-B3DC-43E4-981C-0A742431273E}.Release|Any CPU.Build.0 = Release|Any CPU
	EndGlobalSection
	GlobalSection(SolutionProperties) = preSolution
		HideSolutionNode = FALSE
	EndGlobalSection
	GlobalSection(ExtensibilityGlobals) = postSolution
		SolutionGuid = {823EBF8C-0476-46BC-980E-C752A72CCE58}
	EndGlobalSection
EndGlobal
